
Microsoft Visual Studio Solution File, Format Version 12.00
# Visual Studio Version 17
VisualStudioVersion = 17.14.37628.2 d17.14
MinimumVisualStudioVersion = 10.0.40219.1
Project("{F184B08F-C81C-45F6-A57F-5ABD9991F28F}") = "Inventory System", "Inventory System\Inventory System.vbproj", "{E1C3F866-0A31-417E-AB0A-A7F70FAC0E23}"
EndProject
Global
	GlobalSection(SolutionConfigurationPlatforms) = preSolution
		Debug|Any CPU = Debug|Any CPU
		Release|Any CPU = Release|Any CPU
	EndGlobalSection
	GlobalSection(ProjectConfigurationPlatforms) = postSolution
		{E1C3F866-0A31-417E-AB0A-A7F70FAC0E23}.Debug|Any CPU.ActiveCfg = Debug|Any CPU
		{E1C3F866-0A31-417E-AB0A-A7F70FAC0E23}.Debug|Any CPU.Build.0 = Debug|Any CPU
		{E1C3F866-0A31-417E-AB0A-A7F70FAC0E23}.Release|Any CPU.ActiveCfg = Release|Any CPU
		{E1C3F866-0A31-417E-AB0A-A7F70FAC0E23}.Release|Any CPU.Build.0 = Release|Any CPU
	EndGlobalSection
	GlobalSection(SolutionProperties) = preSolution
		HideSolutionNode = FALSE
	EndGlobalSection
	GlobalSection(ExtensibilityGlobals) = postSolution
		SolutionGuid = {4B3B515D-F50F-43C9-BEFC-8B6845E749E9}
	EndGlobalSection
EndGlobal
